
Microsoft Visual Studio Solution File, Format Version 12.00
# Visual Studio 15
VisualStudioVersion = 15.0.28307.489
MinimumVisualStudioVersion = 10.0.40219.1
Project("{FAE04EC0-301F-11D3-BF4B-00C04F79EFBC}") = "App247.Android", "App247\App247.Android\App247.Android.csproj", "{22333D56-45D7-416D-885A-6D3CA4F0B54C}"
EndProject
Project("{FAE04EC0-301F-11D3-BF4B-00C04F79EFBC}") = "App247.iOS", "App247\App247.iOS\App247.iOS.csproj", "{E182B642-7266-4C22-81CE-24A1EF450D03}"
EndProject
Project("{FAE04EC0-301F-11D3-BF4B-00C04F79EFBC}") = "App247", "App247\App247\App247.csproj", "{C0EB48D5-1DB3-4F27-8C79-224E21E9B127}"
EndProject
Global
	GlobalSection(SolutionConfigurationPlatforms) = preSolution
		Ad-Hoc|Any CPU = Ad-Hoc|Any CPU
		Ad-Hoc|iPhone = Ad-Hoc|iPhone
		Ad-Hoc|iPhoneSimulator = Ad-Hoc|iPhoneSimulator
		AppStore|Any CPU = AppStore|Any CPU
		AppStore|iPhone = AppStore|iPhone
		AppStore|iPhoneSimulator = AppStore|iPhoneSimulator
		Debug|Any CPU = Debug|Any CPU
		Debug|iPhone = Debug|iPhone
		Debug|iPhoneSimulator = Debug|iPhoneSimulator
		Release|Any CPU = Release|Any CPU
		Release|iPhone = Release|iPhone
		Release|iPhoneSimulator = Release|iPhoneSimulator
	EndGlobalSection
	GlobalSection(ProjectConfigurationPlatforms) = postSolution
		{22333D56-45D7-416D-885A-6D3CA4F0B54C}.Ad-Hoc|Any CPU.ActiveCfg = Release|Any CPU
		{22333D56-45D7-416D-885A-6D3CA4F0B54C}.Ad-Hoc|Any CPU.Build.0 = Release|Any CPU
		{22333D56-45D7-416D-885A-6D3CA4F0B54C}.Ad-Hoc|Any CPU.Deploy.0 = Release|Any CPU
		{22333D56-45D7-416D-885A-6D3CA4F0B54C}.Ad-Hoc|iPhone.ActiveCfg = Release|Any CPU
		{22333D56-45D7-416D-885A-6D3CA4F0B54C}.Ad-Hoc|iPhone.Build.0 = Release|Any CPU
		{22333D56-45D7-416D-885A-6D3CA4F0B54C}.Ad-Hoc|iPhone.Deploy.0 = Release|Any CPU
		{22333D56-45D7-416D-885A-6D3CA4F0B54C}.Ad-Hoc|iPhoneSimulator.ActiveCfg = Release|Any CPU
		{22333D56-45D7-416D-885A-6D3CA4F0B54C}.Ad-Hoc|iPhoneSimulator.Build.0 = Release|Any CPU
		{22333D56-45D7-416D-885A-6D3CA4F0B54C}.Ad-Hoc|iPhoneSimulator.Deploy.0 = Release|Any CPU
		{22333D56-45D7-416D-885A-6D3CA4F0B54C}.AppStore|Any CPU.ActiveCfg = Release|Any CPU
		{22333D56-45D7-416D-885A-6D3CA4F0B54C}.AppStore|Any CPU.Build.0 = Release|Any CPU
		{22333D56-45D7-416D-885A-6D3CA4F0B54C}.AppStore|Any CPU.Deploy.0 = Release|Any CPU
		{22333D56-45D7-416D-885A-6D3CA4F0B54C}.AppStore|iPhone.ActiveCfg = Release|Any CPU
		{22333D56-45D7-416D-885A-6D3CA4F0B54C}.AppStore|iPhone.Build.0 = Release|Any CPU
		{22333D56-45D7-416D-885A-6D3CA4F0B54C}.AppStore|iPhone.Deploy.0 = Release|Any CPU
		{22333D56-45D7-416D-885A-6D3CA4F0B54C}.AppStore|iPhoneSimulator.ActiveCfg = Release|Any CPU
		{22333D56-45D7-416D-885A-6D3CA4F0B54C}.AppStore|iPhoneSimulator.Build.0 = Release|Any CPU
		{22333D56-45D7-416D-885A-6D3CA4F0B54C}.AppStore|iPhoneSimulator.Deploy.0 = Release|Any CPU
		{22333D56-45D7-416D-885A-6D3CA4F0B54C}.Debug|Any CPU.ActiveCfg = Debug|Any CPU
		{22333D56-45D7-416D-885A-6D3CA4F0B54C}.Debug|Any CPU.Build.0 = Debug|Any CPU
		{22333D56-45D7-416D-885A-6D3CA4F0B54C}.Debug|Any CPU.Deploy.0 = Debug|Any CPU
		{22333D56-45D7-416D-885A-6D3CA4F0B54C}.Debug|iPhone.ActiveCfg = Debug|Any CPU
		{22333D56-45D7-416D-885A-6D3CA4F0B54C}.Debug|iPhone.Build.0 = Debug|Any CPU
		{22333D56-45D7-416D-885A-6D3CA4F0B54C}.Debug|iPhone.Deploy.0 = Debug|Any CPU
		{22333D56-45D7-416D-885A-6D3CA4F0B54C}.Debug|iPhoneSimulator.ActiveCfg = Debug|Any CPU
		{22333D56-45D7-416D-885A-6D3CA4F0B54C}.Debug|iPhoneSimulator.Build.0 = Debug|Any CPU
		{22333D56-45D7-416D-885A-6D3CA4F0B54C}.Debug|iPhoneSimulator.Deploy.0 = Debug|Any CPU
		{22333D56-45D7-416D-885A-6D3CA4F0B54C}.Release|Any CPU.ActiveCfg = Release|Any CPU
		{22333D56-45D7-416D-885A-6D3CA4F0B54C}.Release|Any CPU.Build.0 = Release|Any CPU
		{22333D56-45D7-416D-885A-6D3CA4F0B54C}.Release|Any CPU.Deploy.0 = Release|Any CPU
		{22333D56-45D7-416D-885A-6D3CA4F0B54C}.Release|iPhone.ActiveCfg = Release|Any CPU
		{22333D56-45D7-416D-885A-6D3CA4F0B54C}.Release|iPhone.Build.0 = Release|Any CPU
		{22333D56-45D7-416D-885A-6D3CA4F0B54C}.Release|iPhone.Deploy.0 = Release|Any CPU
		{22333D56-45D7-416D-885A-6D3CA4F0B54C}.Release|iPhoneSimulator.ActiveCfg = Release|Any CPU
		{22333D56-45D7-416D-885A-6D3CA4F0B54C}.Release|iPhoneSimulator.Build.0 = Release|Any CPU
		{22333D56-45D7-416D-885A-6D3CA4F0B54C}.Release|iPhoneSimulator.Deploy.0 = Release|Any CPU
		{E182B642-7266-4C22-81CE-24A1EF450D03}.Ad-Hoc|Any CPU.ActiveCfg = Ad-Hoc|iPhone
		{E182B642-7266-4C22-81CE-24A1EF450D03}.Ad-Hoc|Any CPU.Build.0 = Ad-Hoc|iPhone
		{E182B642-7266-4C22-81CE-24A1EF450D03}.Ad-Hoc|Any CPU.Deploy.0 = Ad-Hoc|iPhone
		{E182B642-7266-4C22-81CE-24A1EF450D03}.Ad-Hoc|iPhone.ActiveCfg = Ad-Hoc|iPhone
		{E182B642-7266-4C22-81CE-24A1EF450D03}.Ad-Hoc|iPhone.Build.0 = Ad-Hoc|iPhone
		{E182B642-7266-4C22-81CE-24A1EF450D03}.Ad-Hoc|iPhone.Deploy.0 = Ad-Hoc|iPhone
		{E182B642-7266-4C22-81CE-24A1EF450D03}.Ad-Hoc|iPhoneSimulator.ActiveCfg = Ad-Hoc|iPhoneSimulator
		{E182B642-7266-4C22-81CE-24A1EF450D03}.Ad-Hoc|iPhoneSimulator.Build.0 = Ad-Hoc|iPhoneSimulator
		{E182B642-7266-4C22-81CE-24A1EF450D03}.Ad-Hoc|iPhoneSimulator.Deploy.0 = Ad-Hoc|iPhoneSimulator
		{E182B642-7266-4C22-81CE-24A1EF450D03}.AppStore|Any CPU.ActiveCfg = AppStore|iPhone
		{E182B642-7266-4C22-81CE-24A1EF450D03}.AppStore|Any CPU.Build.0 = AppStore|iPhone
		{E182B642-7266-4C22-81CE-24A1EF450D03}.AppStore|Any CPU.Deploy.0 = AppStore|iPhone
		{E182B642-7266-4C22-81CE-24A1EF450D03}.AppStore|iPhone.ActiveCfg = AppStore|iPhone
		{E182B642-7266-4C22-81CE-24A1EF450D03}.AppStore|iPhone.Build.0 = AppStore|iPhone
		{E182B642-7266-4C22-81CE-24A1EF450D03}.AppStore|iPhone.Deploy.0 = AppStore|iPhone
		{E182B642-7266-4C22-81CE-24A1EF450D03}.AppStore|iPhoneSimulator.ActiveCfg = AppStore|iPhoneSimulator
		{E182B642-7266-4C22-81CE-24A1EF450D03}.AppStore|iPhoneSimulator.Build.0 = AppStore|iPhoneSimulator
		{E182B642-7266-4C22-81CE-24A1EF450D03}.AppStore|iPhoneSimulator.Deploy.0 = AppStore|iPhoneSimulator
		{E182B642-7266-4C22-81CE-24A1EF450D03}.Debug|Any CPU.ActiveCfg = Debug|iPhoneSimulator
		{E182B642-7266-4C22-81CE-24A1EF450D03}.Debug|Any CPU.Build.0 = Debug|iPhoneSimulator
		{E182B642-7266-4C22-81CE-24A1EF450D03}.Debug|Any CPU.Deploy.0 = Debug|iPhoneSimulator
		{E182B642-7266-4C22-81CE-24A1EF450D03}.Debug|iPhone.ActiveCfg = Debug|iPhone
		{E182B642-7266-4C22-81CE-24A1EF450D03}.Debug|iPhone.Build.0 = Debug|iPhone
		{E182B642-7266-4C22-81CE-24A1EF450D03}.Debug|iPhone.Deploy.0 = Debug|iPhone
		{E182B642-7266-4C22-81CE-24A1EF450D03}.Debug|iPhoneSimulator.ActiveCfg = Debug|iPhoneSimulator
		{E182B642-7266-4C22-81CE-24A1EF450D03}.Debug|iPhoneSimulator.Build.0 = Debug|iPhoneSimulator
		{E182B642-7266-4C22-81CE-24A1EF450D03}.Debug|iPhoneSimulator.Deploy.0 = Debug|iPhoneSimulator
		{E182B642-7266-4C22-81CE-24A1EF450D03}.Release|Any CPU.ActiveCfg = Release|iPhone
		{E182B642-7266-4C22-81CE-24A1EF450D03}.Release|Any CPU.Build.0 = Release|iPhone
		{E182B642-7266-4C22-81CE-24A1EF450D03}.Release|Any CPU.Deploy.0 = Release|iPhone
		{E182B642-7266-4C22-81CE-24A1EF450D03}.Release|iPhone.ActiveCfg = Release|iPhone
		{E182B642-7266-4C22-81CE-24A1EF450D03}.Release|iPhone.Build.0 = Release|iPhone
		{E182B642-7266-4C22-81CE-24A1EF450D03}.Release|iPhone.Deploy.0 = Release|iPhone
		{E182B642-7266-4C22-81CE-24A1EF450D03}.Release|iPhoneSimulator.ActiveCfg = Release|iPhoneSimulator
		{E182B642-7266-4C22-81CE-24A1EF450D03}.Release|iPhoneSimulator.Build.0 = Release|iPhoneSimulator
		{E182B642-7266-4C22-81CE-24A1EF450D03}.Release|iPhoneSimulator.Deploy.0 = Release|iPhoneSimulator
		{C0EB48D5-1DB3-4F27-8C79-224E21E9B127}.Ad-Hoc|Any CPU.ActiveCfg = Debug|Any CPU
		{C0EB48D5-1DB3-4F27-8C79-224E21E9B127}.Ad-Hoc|Any CPU.Build.0 = Debug|Any CPU
		{C0EB48D5-1DB3-4F27-8C79-224E21E9B127}.Ad-Hoc|Any CPU.Deploy.0 = Debug|Any CPU
		{C0EB48D5-1DB3-4F27-8C79-224E21E9B127}.Ad-Hoc|iPhone.ActiveCfg = Debug|Any CPU
		{C0EB48D5-1DB3-4F27-8C79-224E21E9B127}.Ad-Hoc|iPhone.Build.0 = Debug|Any CPU
		{C0EB48D5-1DB3-4F27-8C79-224E21E9B127}.Ad-Hoc|iPhone.Deploy.0 = Debug|Any CPU
		{C0EB48D5-1DB3-4F27-8C79-224E21E9B127}.Ad-Hoc|iPhoneSimulator.ActiveCfg = Debug|Any CPU
		{C0EB48D5-1DB3-4F27-8C79-224E21E9B127}.Ad-Hoc|iPhoneSimulator.Build.0 = Debug|Any CPU
		{C0EB48D5-1DB3-4F27-8C79-224E21E9B127}.Ad-Hoc|iPhoneSimulator.Deploy.0 = Debug|Any CPU
		{C0EB48D5-1DB3-4F27-8C79-224E21E9B127}.AppStore|Any CPU.ActiveCfg = Debug|Any CPU
		{C0EB48D5-1DB3-4F27-8C79-224E21E9B127}.AppStore|Any CPU.Build.0 = Debug|Any CPU
		{C0EB48D5-1DB3-4F27-8C79-224E21E9B127}.AppStore|Any CPU.Deploy.0 = Debug|Any CPU
		{C0EB48D5-1DB3-4F27-8C79-224E21E9B127}.AppStore|iPhone.ActiveCfg = Debug|Any CPU
		{C0EB48D5-1DB3-4F27-8C79-224E21E9B127}.AppStore|iPhone.Build.0 = Debug|Any CPU
		{C0EB48D5-1DB3-4F27-8C79-224E21E9B127}.AppStore|iPhone.Deploy.0 = Debug|Any CPU
		{C0EB48D5-1DB3-4F27-8C79-224E21E9B127}.AppStore|iPhoneSimulator.ActiveCfg = Debug|Any CPU
		{C0EB48D5-1DB3-4F27-8C79-224E21E9B127}.AppStore|iPhoneSimulator.Build.0 = Debug|Any CPU
		{C0EB48D5-1DB3-4F27-8C79-224E21E9B127}.AppStore|iPhoneSimulator.Deploy.0 = Debug|Any CPU
		{C0EB48D5-1DB3-4F27-8C79-224E21E9B127}.Debug|Any CPU.ActiveCfg = Debug|Any CPU
		{C0EB48D5-1DB3-4F27-8C79-224E21E9B127}.Debug|Any CPU.Build.0 = Debug|Any CPU
		{C0EB48D5-1DB3-4F27-8C79-224E21E9B127}.Debug|Any CPU.Deploy.0 = Debug|Any CPU
		{C0EB48D5-1DB3-4F27-8C79-224E21E9B127}.Debug|iPhone.ActiveCfg = Debug|Any CPU
		{C0EB48D5-1DB3-4F27-8C79-224E21E9B127}.Debug|iPhone.Build.0 = Debug|Any CPU
		{C0EB48D5-1DB3-4F27-8C79-224E21E9B127}.Debug|iPhone.Deploy.0 = Debug|Any CPU
		{C0EB48D5-1DB3-4F27-8C79-224E21E9B127}.Debug|iPhoneSimulator.ActiveCfg = Debug|Any CPU
		{C0EB48D5-1DB3-4F27-8C79-224E21E9B127}.Debug|iPhoneSimulator.Build.0 = Debug|Any CPU
		{C0EB48D5-1DB3-4F27-8C79-224E21E9B127}.Debug|iPhoneSimulator.Deploy.0 = Debug|Any CPU
		{C0EB48D5-1DB3-4F27-8C79-224E21E9B127}.Release|Any CPU.ActiveCfg = Release|Any CPU
		{C0EB48D5-1DB3-4F27-8C79-224E21E9B127}.Release|Any CPU.Build.0 = Release|Any CPU
		{C0EB48D5-1DB3-4F27-8C79-224E21E9B127}.Release|Any CPU.Deploy.0 = Release|Any CPU
		{C0EB48D5-1DB3-4F27-8C79-224E21E9B127}.Release|iPhone.ActiveCfg = Release|Any CPU
		{C0EB48D5-1DB3-4F27-8C79-224E21E9B127}.Release|iPhone.Build.0 = Release|Any CPU
		{C0EB48D5-1DB3-4F27-8C79-224E21E9B127}.Release|iPhone.Deploy.0 = Release|Any CPU
		{C0EB48D5-1DB3-4F27-8C79-224E21E9B127}.Release|iPhoneSimulator.ActiveCfg = Release|Any CPU
		{C0EB48D5-1DB3-4F27-8C79-224E21E9B127}.Release|iPhoneSimulator.Build.0 = Release|Any CPU
		{C0EB48D5-1DB3-4F27-8C79-224E21E9B127}.Release|iPhoneSimulator.Deploy.0 = Release|Any CPU
	EndGlobalSection
	GlobalSection(SolutionProperties) = preSolution
		HideSolutionNode = FALSE
	EndGlobalSection
	GlobalSection(ExtensibilityGlobals) = postSolution
		SolutionGuid = {0F12EE72-7264-46FA-AF46-BD5E9168A6B9}
	EndGlobalSection
EndGlobal
